
Microsoft Visual Studio Solution File, Format Version 12.00
# Visual Studio Version 17
VisualStudioVersion = 17.6.33815.320
MinimumVisualStudioVersion = 10.0.40219.1
Project("{FAE04EC0-301F-11D3-BF4B-00C04F79EFBC}") = "Technical Example Questions", "Technical Example Questions\Technical Example Questions.csproj", "{886E9AB5-10B9-48E7-9604-F7BE1712E7B0}"
EndProject
Global
	GlobalSection(SolutionConfigurationPlatforms) = preSolution
		Debug|Any CPU = Debug|Any CPU
		Release|Any CPU = Release|Any CPU
	EndGlobalSection
	GlobalSection(ProjectConfigurationPlatforms) = postSolution
		{886E9AB5-10B9-48E7-9604-F7BE1712E7B0}.Debug|Any CPU.ActiveCfg = Debug|Any CPU
		{886E9AB5-10B9-48E7-9604-F7BE1712E7B0}.Debug|Any CPU.Build.0 = Debug|Any CPU
		{886E9AB5-10B9-48E7-9604-F7BE1712E7B0}.Release|Any CPU.ActiveCfg = Release|Any CPU
		{886E9AB5-10B9-48E7-9604-F7BE1712E7B0}.Release|Any CPU.Build.0 = Release|Any CPU
	EndGlobalSection
	GlobalSection(SolutionProperties) = preSolution
		HideSolutionNode = FALSE
	EndGlobalSection
	GlobalSection(ExtensibilityGlobals) = postSolution
		SolutionGuid = {12F343B4-E4E7-41B1-B485-0C1414B9D50C}
	EndGlobalSection
EndGlobal
